
Microsoft Visual Studio Solution File, Format Version 12.00
# Visual Studio 14
VisualStudioVersion = 14.0.24720.0
MinimumVisualStudioVersion = 10.0.40219.1
Project("{8BC9CEB8-8B4A-11D0-8D11-00A0C91BC942}") = "RayTracer", "RayTracer\ConsoleApplication1.vcxproj", "{C5D3F171-E67C-43E0-BFE1-FBA170EF73B1}"
EndProject
Global
	GlobalSection(SolutionConfigurationPlatforms) = preSolution
		blue_sphere|x64 = blue_sphere|x64
		blue_sphere|x86 = blue_sphere|x86
		bunny-scene|x64 = bunny-scene|x64
		bunny-scene|x86 = bunny-scene|x86
		cornell_box|x64 = cornell_box|x64
		cornell_box|x86 = cornell_box|x86
		happy-scene|x64 = happy-scene|x64
		happy-scene|x86 = happy-scene|x86
		Release|x64 = Release|x64
		Release|x86 = Release|x86
		spheres|x64 = spheres|x64
		spheres|x86 = spheres|x86
	EndGlobalSection
	GlobalSection(ProjectConfigurationPlatforms) = postSolution
		{C5D3F171-E67C-43E0-BFE1-FBA170EF73B1}.blue_sphere|x64.ActiveCfg = blue_sphere|x64
		{C5D3F171-E67C-43E0-BFE1-FBA170EF73B1}.blue_sphere|x64.Build.0 = blue_sphere|x64
		{C5D3F171-E67C-43E0-BFE1-FBA170EF73B1}.blue_sphere|x86.ActiveCfg = blue_sphere|Win32
		{C5D3F171-E67C-43E0-BFE1-FBA170EF73B1}.blue_sphere|x86.Build.0 = blue_sphere|Win32
		{C5D3F171-E67C-43E0-BFE1-FBA170EF73B1}.bunny-scene|x64.ActiveCfg = bunny-scene|x64
		{C5D3F171-E67C-43E0-BFE1-FBA170EF73B1}.bunny-scene|x64.Build.0 = bunny-scene|x64
		{C5D3F171-E67C-43E0-BFE1-FBA170EF73B1}.bunny-scene|x86.ActiveCfg = bunny-scene|Win32
		{C5D3F171-E67C-43E0-BFE1-FBA170EF73B1}.bunny-scene|x86.Build.0 = bunny-scene|Win32
		{C5D3F171-E67C-43E0-BFE1-FBA170EF73B1}.cornell_box|x64.ActiveCfg = cornell_box|x64
		{C5D3F171-E67C-43E0-BFE1-FBA170EF73B1}.cornell_box|x64.Build.0 = cornell_box|x64
		{C5D3F171-E67C-43E0-BFE1-FBA170EF73B1}.cornell_box|x86.ActiveCfg = cornell_box|Win32
		{C5D3F171-E67C-43E0-BFE1-FBA170EF73B1}.cornell_box|x86.Build.0 = cornell_box|Win32
		{C5D3F171-E67C-43E0-BFE1-FBA170EF73B1}.happy-scene|x64.ActiveCfg = happy-scene|x64
		{C5D3F171-E67C-43E0-BFE1-FBA170EF73B1}.happy-scene|x64.Build.0 = happy-scene|x64
		{C5D3F171-E67C-43E0-BFE1-FBA170EF73B1}.happy-scene|x86.ActiveCfg = happy-scene|Win32
		{C5D3F171-E67C-43E0-BFE1-FBA170EF73B1}.happy-scene|x86.Build.0 = happy-scene|Win32
		{C5D3F171-E67C-43E0-BFE1-FBA170EF73B1}.Release|x64.ActiveCfg = Release|x64
		{C5D3F171-E67C-43E0-BFE1-FBA170EF73B1}.Release|x64.Build.0 = Release|x64
		{C5D3F171-E67C-43E0-BFE1-FBA170EF73B1}.Release|x86.ActiveCfg = Release|Win32
		{C5D3F171-E67C-43E0-BFE1-FBA170EF73B1}.Release|x86.Build.0 = Release|Win32
		{C5D3F171-E67C-43E0-BFE1-FBA170EF73B1}.spheres|x64.ActiveCfg = spheres|x64
		{C5D3F171-E67C-43E0-BFE1-FBA170EF73B1}.spheres|x64.Build.0 = spheres|x64
		{C5D3F171-E67C-43E0-BFE1-FBA170EF73B1}.spheres|x86.ActiveCfg = spheres|Win32
		{C5D3F171-E67C-43E0-BFE1-FBA170EF73B1}.spheres|x86.Build.0 = spheres|Win32
	EndGlobalSection
	GlobalSection(SolutionProperties) = preSolution
		HideSolutionNode = FALSE
	EndGlobalSection
EndGlobal
